
Microsoft Visual Studio Solution File, Format Version 12.00
# Visual Studio Version 16
VisualStudioVersion = 16.0.31515.178
MinimumVisualStudioVersion = 10.0.40219.1
Project("{FAE04EC0-301F-11D3-BF4B-00C04F79EFBC}") = "Expontential method", "Expontential method\Expontential method.csproj", "{73FD0235-42DD-41F5-BE81-DABBF851D025}"
EndProject
Global
	GlobalSection(SolutionConfigurationPlatforms) = preSolution
		Debug|Any CPU = Debug|Any CPU
		Release|Any CPU = Release|Any CPU
	EndGlobalSection
	GlobalSection(ProjectConfigurationPlatforms) = postSolution
		{73FD0235-42DD-41F5-BE81-DABBF851D025}.Debug|Any CPU.ActiveCfg = Debug|Any CPU
		{73FD0235-42DD-41F5-BE81-DABBF851D025}.Debug|Any CPU.Build.0 = Debug|Any CPU
		{73FD0235-42DD-41F5-BE81-DABBF851D025}.Release|Any CPU.ActiveCfg = Release|Any CPU
		{73FD0235-42DD-41F5-BE81-DABBF851D025}.Release|Any CPU.Build.0 = Release|Any CPU
	EndGlobalSection
	GlobalSection(SolutionProperties) = preSolution
		HideSolutionNode = FALSE
	EndGlobalSection
	GlobalSection(ExtensibilityGlobals) = postSolution
		SolutionGuid = {1223C1D5-3094-4C28-A45E-E7A3764CF2C4}
	EndGlobalSection
EndGlobal
